
Microsoft Visual Studio Solution File, Format Version 12.00
# Visual Studio Version 17
VisualStudioVersion = 17.4.35026.314
MinimumVisualStudioVersion = 10.0.40219.1
Project("{FAE04EC0-301F-11D3-BF4B-00C04F79EFBC}") = "MyHashTable", "MyHashTable\MyHashTable.csproj", "{A6F8EF6B-FB76-4A2E-9928-9D147C8166B4}"
EndProject
Global
	GlobalSection(SolutionConfigurationPlatforms) = preSolution
		Debug|Any CPU = Debug|Any CPU
		Release|Any CPU = Release|Any CPU
	EndGlobalSection
	GlobalSection(ProjectConfigurationPlatforms) = postSolution
		{A6F8EF6B-FB76-4A2E-9928-9D147C8166B4}.Debug|Any CPU.ActiveCfg = Debug|Any CPU
		{A6F8EF6B-FB76-4A2E-9928-9D147C8166B4}.Debug|Any CPU.Build.0 = Debug|Any CPU
		{A6F8EF6B-FB76-4A2E-9928-9D147C8166B4}.Release|Any CPU.ActiveCfg = Release|Any CPU
		{A6F8EF6B-FB76-4A2E-9928-9D147C8166B4}.Release|Any CPU.Build.0 = Release|Any CPU
	EndGlobalSection
	GlobalSection(SolutionProperties) = preSolution
		HideSolutionNode = FALSE
	EndGlobalSection
	GlobalSection(ExtensibilityGlobals) = postSolution
		SolutionGuid = {D3F1724B-7F3B-458C-9264-B4A59EB1554A}
	EndGlobalSection
EndGlobal
